
Microsoft Visual Studio Solution File, Format Version 12.00
# Visual Studio Version 17
VisualStudioVersion = 17.11.35312.102
MinimumVisualStudioVersion = 10.0.40219.1
Project("{FAE04EC0-301F-11D3-BF4B-00C04F79EFBC}") = "20250911_Ismetles", "20250911_Ismetles.csproj", "{BB6D12CF-156D-4C10-9A1C-ABADD6C7BDCB}"
EndProject
Global
	GlobalSection(SolutionConfigurationPlatforms) = preSolution
		Debug|Any CPU = Debug|Any CPU
		Release|Any CPU = Release|Any CPU
	EndGlobalSection
	GlobalSection(ProjectConfigurationPlatforms) = postSolution
		{BB6D12CF-156D-4C10-9A1C-ABADD6C7BDCB}.Debug|Any CPU.ActiveCfg = Debug|Any CPU
		{BB6D12CF-156D-4C10-9A1C-ABADD6C7BDCB}.Debug|Any CPU.Build.0 = Debug|Any CPU
		{BB6D12CF-156D-4C10-9A1C-ABADD6C7BDCB}.Release|Any CPU.ActiveCfg = Release|Any CPU
		{BB6D12CF-156D-4C10-9A1C-ABADD6C7BDCB}.Release|Any CPU.Build.0 = Release|Any CPU
	EndGlobalSection
	GlobalSection(SolutionProperties) = preSolution
		HideSolutionNode = FALSE
	EndGlobalSection
	GlobalSection(ExtensibilityGlobals) = postSolution
		SolutionGuid = {B24DD430-8663-463C-8104-293BD60ED716}
	EndGlobalSection
EndGlobal
