
Microsoft Visual Studio Solution File, Format Version 12.00
# Visual Studio Version 17
VisualStudioVersion = 17.11.35312.102
MinimumVisualStudioVersion = 10.0.40219.1
Project("{FAE04EC0-301F-11D3-BF4B-00C04F79EFBC}") = "doga1", "doga1\doga1.csproj", "{6B38E7E8-BEE1-435E-97AD-C53FBB1B9779}"
EndProject
Global
	GlobalSection(SolutionConfigurationPlatforms) = preSolution
		Debug|Any CPU = Debug|Any CPU
		Release|Any CPU = Release|Any CPU
	EndGlobalSection
	GlobalSection(ProjectConfigurationPlatforms) = postSolution
		{6B38E7E8-BEE1-435E-97AD-C53FBB1B9779}.Debug|Any CPU.ActiveCfg = Debug|Any CPU
		{6B38E7E8-BEE1-435E-97AD-C53FBB1B9779}.Debug|Any CPU.Build.0 = Debug|Any CPU
		{6B38E7E8-BEE1-435E-97AD-C53FBB1B9779}.Release|Any CPU.ActiveCfg = Release|Any CPU
		{6B38E7E8-BEE1-435E-97AD-C53FBB1B9779}.Release|Any CPU.Build.0 = Release|Any CPU
	EndGlobalSection
	GlobalSection(SolutionProperties) = preSolution
		HideSolutionNode = FALSE
	EndGlobalSection
	GlobalSection(ExtensibilityGlobals) = postSolution
		SolutionGuid = {B6E578E1-1DCF-4157-8648-39AF1A97A5EB}
	EndGlobalSection
EndGlobal
