
Microsoft Visual Studio Solution File, Format Version 12.00
# Visual Studio Version 17
VisualStudioVersion = 17.11.35312.102
MinimumVisualStudioVersion = 10.0.40219.1
Project("{FAE04EC0-301F-11D3-BF4B-00C04F79EFBC}") = "25-Gyak-02-Onallo", "25-Gyak-02-Onallo.csproj", "{D67A2489-0FF4-4FB1-BA5E-52AA527E7134}"
EndProject
Global
	GlobalSection(SolutionConfigurationPlatforms) = preSolution
		Debug|Any CPU = Debug|Any CPU
		Release|Any CPU = Release|Any CPU
	EndGlobalSection
	GlobalSection(ProjectConfigurationPlatforms) = postSolution
		{D67A2489-0FF4-4FB1-BA5E-52AA527E7134}.Debug|Any CPU.ActiveCfg = Debug|Any CPU
		{D67A2489-0FF4-4FB1-BA5E-52AA527E7134}.Debug|Any CPU.Build.0 = Debug|Any CPU
		{D67A2489-0FF4-4FB1-BA5E-52AA527E7134}.Release|Any CPU.ActiveCfg = Release|Any CPU
		{D67A2489-0FF4-4FB1-BA5E-52AA527E7134}.Release|Any CPU.Build.0 = Release|Any CPU
	EndGlobalSection
	GlobalSection(SolutionProperties) = preSolution
		HideSolutionNode = FALSE
	EndGlobalSection
	GlobalSection(ExtensibilityGlobals) = postSolution
		SolutionGuid = {899CF5F3-32E1-4B00-AB7F-59E0334C5882}
	EndGlobalSection
EndGlobal
