
Microsoft Visual Studio Solution File, Format Version 12.00
# Visual Studio Version 17
VisualStudioVersion = 17.11.35312.102
MinimumVisualStudioVersion = 10.0.40219.1
Project("{FAE04EC0-301F-11D3-BF4B-00C04F79EFBC}") = "2025-01-29-ISM", "2025-01-29-ISM.csproj", "{EDBEEAD8-B4D6-4E15-BDB7-7E14B66E8F53}"
EndProject
Global
	GlobalSection(SolutionConfigurationPlatforms) = preSolution
		Debug|Any CPU = Debug|Any CPU
		Release|Any CPU = Release|Any CPU
	EndGlobalSection
	GlobalSection(ProjectConfigurationPlatforms) = postSolution
		{EDBEEAD8-B4D6-4E15-BDB7-7E14B66E8F53}.Debug|Any CPU.ActiveCfg = Debug|Any CPU
		{EDBEEAD8-B4D6-4E15-BDB7-7E14B66E8F53}.Debug|Any CPU.Build.0 = Debug|Any CPU
		{EDBEEAD8-B4D6-4E15-BDB7-7E14B66E8F53}.Release|Any CPU.ActiveCfg = Release|Any CPU
		{EDBEEAD8-B4D6-4E15-BDB7-7E14B66E8F53}.Release|Any CPU.Build.0 = Release|Any CPU
	EndGlobalSection
	GlobalSection(SolutionProperties) = preSolution
		HideSolutionNode = FALSE
	EndGlobalSection
	GlobalSection(ExtensibilityGlobals) = postSolution
		SolutionGuid = {DD7C4FF8-E821-46A0-A439-F28AE4399D0F}
	EndGlobalSection
EndGlobal
