
Microsoft Visual Studio Solution File, Format Version 12.00
# Visual Studio Version 17
VisualStudioVersion = 17.11.35312.102
MinimumVisualStudioVersion = 10.0.40219.1
Project("{FAE04EC0-301F-11D3-BF4B-00C04F79EFBC}") = "tomb_orai", "tomb_orai\tomb_orai.csproj", "{4F163C4B-A677-409A-93FA-36D4DE7CF78E}"
EndProject
Global
	GlobalSection(SolutionConfigurationPlatforms) = preSolution
		Debug|Any CPU = Debug|Any CPU
		Release|Any CPU = Release|Any CPU
	EndGlobalSection
	GlobalSection(ProjectConfigurationPlatforms) = postSolution
		{4F163C4B-A677-409A-93FA-36D4DE7CF78E}.Debug|Any CPU.ActiveCfg = Debug|Any CPU
		{4F163C4B-A677-409A-93FA-36D4DE7CF78E}.Debug|Any CPU.Build.0 = Debug|Any CPU
		{4F163C4B-A677-409A-93FA-36D4DE7CF78E}.Release|Any CPU.ActiveCfg = Release|Any CPU
		{4F163C4B-A677-409A-93FA-36D4DE7CF78E}.Release|Any CPU.Build.0 = Release|Any CPU
	EndGlobalSection
	GlobalSection(SolutionProperties) = preSolution
		HideSolutionNode = FALSE
	EndGlobalSection
	GlobalSection(ExtensibilityGlobals) = postSolution
		SolutionGuid = {6EBA2C42-3D06-4550-838E-4462BA556245}
	EndGlobalSection
EndGlobal
