
Microsoft Visual Studio Solution File, Format Version 12.00
# Visual Studio Version 17
VisualStudioVersion = 17.11.35312.102
MinimumVisualStudioVersion = 10.0.40219.1
Project("{FAE04EC0-301F-11D3-BF4B-00C04F79EFBC}") = "szinek", "szinek\szinek.csproj", "{03553FC4-54AA-4FE2-9DAC-62ABC9047539}"
EndProject
Global
	GlobalSection(SolutionConfigurationPlatforms) = preSolution
		Debug|Any CPU = Debug|Any CPU
		Release|Any CPU = Release|Any CPU
	EndGlobalSection
	GlobalSection(ProjectConfigurationPlatforms) = postSolution
		{03553FC4-54AA-4FE2-9DAC-62ABC9047539}.Debug|Any CPU.ActiveCfg = Debug|Any CPU
		{03553FC4-54AA-4FE2-9DAC-62ABC9047539}.Debug|Any CPU.Build.0 = Debug|Any CPU
		{03553FC4-54AA-4FE2-9DAC-62ABC9047539}.Release|Any CPU.ActiveCfg = Release|Any CPU
		{03553FC4-54AA-4FE2-9DAC-62ABC9047539}.Release|Any CPU.Build.0 = Release|Any CPU
	EndGlobalSection
	GlobalSection(SolutionProperties) = preSolution
		HideSolutionNode = FALSE
	EndGlobalSection
	GlobalSection(ExtensibilityGlobals) = postSolution
		SolutionGuid = {B4E86ECF-08B1-4A02-85BA-A26794409FA0}
	EndGlobalSection
EndGlobal
