
Microsoft Visual Studio Solution File, Format Version 12.00
# Visual Studio Version 17
VisualStudioVersion = 17.11.35312.102
MinimumVisualStudioVersion = 10.0.40219.1
Project("{FAE04EC0-301F-11D3-BF4B-00C04F79EFBC}") = "2025-02-15-Gyakorlas", "2025-02-15-Gyakorlas.csproj", "{79BDA197-22C5-4AD2-A686-D4F836ACA06A}"
EndProject
Global
	GlobalSection(SolutionConfigurationPlatforms) = preSolution
		Debug|Any CPU = Debug|Any CPU
		Release|Any CPU = Release|Any CPU
	EndGlobalSection
	GlobalSection(ProjectConfigurationPlatforms) = postSolution
		{79BDA197-22C5-4AD2-A686-D4F836ACA06A}.Debug|Any CPU.ActiveCfg = Debug|Any CPU
		{79BDA197-22C5-4AD2-A686-D4F836ACA06A}.Debug|Any CPU.Build.0 = Debug|Any CPU
		{79BDA197-22C5-4AD2-A686-D4F836ACA06A}.Release|Any CPU.ActiveCfg = Release|Any CPU
		{79BDA197-22C5-4AD2-A686-D4F836ACA06A}.Release|Any CPU.Build.0 = Release|Any CPU
	EndGlobalSection
	GlobalSection(SolutionProperties) = preSolution
		HideSolutionNode = FALSE
	EndGlobalSection
	GlobalSection(ExtensibilityGlobals) = postSolution
		SolutionGuid = {6316437F-5050-4655-901D-EEE386652D2C}
	EndGlobalSection
EndGlobal
