
Microsoft Visual Studio Solution File, Format Version 12.00
# Visual Studio Version 17
VisualStudioVersion = 17.11.35312.102
MinimumVisualStudioVersion = 10.0.40219.1
Project("{FAE04EC0-301F-11D3-BF4B-00C04F79EFBC}") = "03-05-dolgozat", "03-05-dolgozat.csproj", "{7B0FC5F4-F841-4493-971D-F433A080B45E}"
EndProject
Global
	GlobalSection(SolutionConfigurationPlatforms) = preSolution
		Debug|Any CPU = Debug|Any CPU
		Release|Any CPU = Release|Any CPU
	EndGlobalSection
	GlobalSection(ProjectConfigurationPlatforms) = postSolution
		{7B0FC5F4-F841-4493-971D-F433A080B45E}.Debug|Any CPU.ActiveCfg = Debug|Any CPU
		{7B0FC5F4-F841-4493-971D-F433A080B45E}.Debug|Any CPU.Build.0 = Debug|Any CPU
		{7B0FC5F4-F841-4493-971D-F433A080B45E}.Release|Any CPU.ActiveCfg = Release|Any CPU
		{7B0FC5F4-F841-4493-971D-F433A080B45E}.Release|Any CPU.Build.0 = Release|Any CPU
	EndGlobalSection
	GlobalSection(SolutionProperties) = preSolution
		HideSolutionNode = FALSE
	EndGlobalSection
	GlobalSection(ExtensibilityGlobals) = postSolution
		SolutionGuid = {CF7103D6-9EDF-4290-A911-0577D5608D5C}
	EndGlobalSection
EndGlobal
