
Microsoft Visual Studio Solution File, Format Version 12.00
# Visual Studio Version 17
VisualStudioVersion = 17.11.35312.102
MinimumVisualStudioVersion = 10.0.40219.1
Project("{FAE04EC0-301F-11D3-BF4B-00C04F79EFBC}") = "orai01", "orai01\orai01.csproj", "{69A47353-DF2D-4AFA-B854-CE4A8B6C7B43}"
EndProject
Global
	GlobalSection(SolutionConfigurationPlatforms) = preSolution
		Debug|Any CPU = Debug|Any CPU
		Release|Any CPU = Release|Any CPU
	EndGlobalSection
	GlobalSection(ProjectConfigurationPlatforms) = postSolution
		{69A47353-DF2D-4AFA-B854-CE4A8B6C7B43}.Debug|Any CPU.ActiveCfg = Debug|Any CPU
		{69A47353-DF2D-4AFA-B854-CE4A8B6C7B43}.Debug|Any CPU.Build.0 = Debug|Any CPU
		{69A47353-DF2D-4AFA-B854-CE4A8B6C7B43}.Release|Any CPU.ActiveCfg = Release|Any CPU
		{69A47353-DF2D-4AFA-B854-CE4A8B6C7B43}.Release|Any CPU.Build.0 = Release|Any CPU
	EndGlobalSection
	GlobalSection(SolutionProperties) = preSolution
		HideSolutionNode = FALSE
	EndGlobalSection
	GlobalSection(ExtensibilityGlobals) = postSolution
		SolutionGuid = {02A70486-3607-44D3-AD63-CEFFFB91CA76}
	EndGlobalSection
EndGlobal
